{
  "name": "assets",
  "lockfileVersion": 2,
  "requires": true,
  "packages": {
    "": {
      "dependencies": {
        "alpinejs": "^2.8.2",
        "daisyui": "^1.21.0"
      }
    },
    "node_modules/alpinejs": {
      "version": "2.8.2",
      "resolved": "https://registry.npmjs.org/alpinejs/-/alpinejs-2.8.2.tgz",
      "integrity": "sha512-5yOUtckn4CBp0qsHpo2qgjZyZit84uXvHbB7NJ27sn4FA6UlFl2i9PGUAdTXkcbFvvxDJBM+zpOD8RuNYFvQAw=="
    },
    "node_modules/daisyui": {
      "version": "1.21.0",
      "resolved": "https://registry.npmjs.org/daisyui/-/daisyui-1.21.0.tgz",
      "integrity": "sha512-sdqSI6v/Xc6OsBrZbBKqZKpOCuQyc1foq9s5ZqT8Qdp92kIbR/FBNfTethDjLpvYBPpsohHLCvC0ddWr2OotYA=="
    }
  },
  "dependencies": {
    "alpinejs": {
      "version": "2.8.2",
      "resolved": "https://registry.npmjs.org/alpinejs/-/alpinejs-2.8.2.tgz",
      "integrity": "sha512-5yOUtckn4CBp0qsHpo2qgjZyZit84uXvHbB7NJ27sn4FA6UlFl2i9PGUAdTXkcbFvvxDJBM+zpOD8RuNYFvQAw=="
    },
    "daisyui": {
      "version": "1.21.0",
      "resolved": "https://registry.npmjs.org/daisyui/-/daisyui-1.21.0.tgz",
      "integrity": "sha512-sdqSI6v/Xc6OsBrZbBKqZKpOCuQyc1foq9s5ZqT8Qdp92kIbR/FBNfTethDjLpvYBPpsohHLCvC0ddWr2OotYA=="
    }
  }
}
